
Microsoft Visual Studio Solution File, Format Version 12.00
# Visual Studio Version 17
VisualStudioVersion = 17.13.35825.156 d17.13
MinimumVisualStudioVersion = 10.0.40219.1
Project("{FAE04EC0-301F-11D3-BF4B-00C04F79EFBC}") = "SAA", "SAA\SAA.csproj", "{3B507706-1D68-4677-890F-A960F4E28EBD}"
EndProject
Global
	GlobalSection(SolutionConfigurationPlatforms) = preSolution
		Debug|Any CPU = Debug|Any CPU
		Release|Any CPU = Release|Any CPU
	EndGlobalSection
	GlobalSection(ProjectConfigurationPlatforms) = postSolution
		{3B507706-1D68-4677-890F-A960F4E28EBD}.Debug|Any CPU.ActiveCfg = Debug|Any CPU
		{3B507706-1D68-4677-890F-A960F4E28EBD}.Debug|Any CPU.Build.0 = Debug|Any CPU
		{3B507706-1D68-4677-890F-A960F4E28EBD}.Debug|Any CPU.Deploy.0 = Debug|Any CPU
		{3B507706-1D68-4677-890F-A960F4E28EBD}.Release|Any CPU.ActiveCfg = Release|Any CPU
		{3B507706-1D68-4677-890F-A960F4E28EBD}.Release|Any CPU.Build.0 = Release|Any CPU
		{3B507706-1D68-4677-890F-A960F4E28EBD}.Release|Any CPU.Deploy.0 = Release|Any CPU
	EndGlobalSection
	GlobalSection(SolutionProperties) = preSolution
		HideSolutionNode = FALSE
	EndGlobalSection
	GlobalSection(ExtensibilityGlobals) = postSolution
		SolutionGuid = {AEE9590F-F955-4D7C-AC6B-E6DF2BD40A17}
	EndGlobalSection
EndGlobal
